// !$*UTF8*$!
{
	archiveVersion = 1;
	classes = {
	};
	objectVersion = 46;
	objects = {

/* Begin PBXBuildFile section */
		CAF7230A1E0833F3004308DF /* main.m in Sources */ = {isa = PBXBuildFile; fileRef = CAF723091E0833F3004308DF /* main.m */; };
		CAF7230D1E0833F3004308DF /* AppDelegate.m in Sources */ = {isa = PBXBuildFile; fileRef = CAF7230C1E0833F3004308DF /* AppDelegate.m */; };
		CAF723101E0833F3004308DF /* ViewController.m in Sources */ = {isa = PBXBuildFile; fileRef = CAF7230F1E0833F3004308DF /* ViewController.m */; };
		CAF723131E0833F3004308DF /* Main.storyboard in Resources */ = {isa = PBXBuildFile; fileRef = CAF723111E0833F3004308DF /* Main.storyboard */; };
		CAF723151E0833F3004308DF /* Assets.xcassets in Resources */ = {isa = PBXBuildFile; fileRef = CAF723141E0833F3004308DF /* Assets.xcassets */; };
		CAF723181E0833F3004308DF /* LaunchScreen.storyboard in Resources */ = {isa = PBXBuildFile; fileRef = CAF723161E0833F3004308DF /* LaunchScreen.storyboard */; };
		CAF723261E083445004308DF /* MediaPickerMenuView.m in Sources */ = {isa = PBXBuildFile; fileRef = CAF723221E083445004308DF /* MediaPickerMenuView.m */; };
		CAF723271E083445004308DF /* MediaPickerMenuView.xib in Resources */ = {isa = PBXBuildFile; fileRef = CAF723231E083445004308DF /* MediaPickerMenuView.xib */; };
		CAF723281E083445004308DF /* MediaPicker.m in Sources */ = {isa = PBXBuildFile; fileRef = CAF723251E083445004308DF /* MediaPicker.m */; };
		CAF7232D1E083482004308DF /* JGActionSheet.m in Sources */ = {isa = PBXBuildFile; fileRef = CAF7232C1E083482004308DF /* JGActionSheet.m */; };
		CAF723341E08384B004308DF /* NSError+GT.m in Sources */ = {isa = PBXBuildFile; fileRef = CAF723331E08384B004308DF /* NSError+GT.m */; };
		CAF723411E083F0B004308DF /* BombDodge Logo.png in Resources */ = {isa = PBXBuildFile; fileRef = CAF723401E083F0B004308DF /* BombDodge Logo.png */; };
		CAF723451E083F63004308DF /* PSCustomViewFromXib.m in Sources */ = {isa = PBXBuildFile; fileRef = CAF723441E083F63004308DF /* PSCustomViewFromXib.m */; };
		CAF723491E08423E004308DF /* ic_image@2x.png in Resources */ = {isa = PBXBuildFile; fileRef = CAF723471E08423E004308DF /* ic_image@2x.png */; };
		CAF7234A1E08423E004308DF /* ic_image@3x.png in Resources */ = {isa = PBXBuildFile; fileRef = CAF723481E08423E004308DF /* ic_image@3x.png */; };
		CAF7234E1E0845CA004308DF /* MediaPickerView.m in Sources */ = {isa = PBXBuildFile; fileRef = CAF7234C1E0845CA004308DF /* MediaPickerView.m */; };
		CAF7234F1E0845CA004308DF /* MediaPickerView.xib in Resources */ = {isa = PBXBuildFile; fileRef = CAF7234D1E0845CA004308DF /* MediaPickerView.xib */; };
		CAF723521E084AA4004308DF /* Navigator.m in Sources */ = {isa = PBXBuildFile; fileRef = CAF723511E084AA4004308DF /* Navigator.m */; };
		CAF723561E0854A4004308DF /* img_delete@2x.png in Resources */ = {isa = PBXBuildFile; fileRef = CAF723541E0854A4004308DF /* img_delete@2x.png */; };
		CAF723571E0854A4004308DF /* img_delete@3x.png in Resources */ = {isa = PBXBuildFile; fileRef = CAF723551E0854A4004308DF /* img_delete@3x.png */; };
		CAF7235C1E085EB2004308DF /* ic_more_white@2x.png in Resources */ = {isa = PBXBuildFile; fileRef = CAF7235A1E085EB2004308DF /* ic_more_white@2x.png */; };
		CAF7235D1E085EB2004308DF /* ic_more_white@3x.png in Resources */ = {isa = PBXBuildFile; fileRef = CAF7235B1E085EB2004308DF /* ic_more_white@3x.png */; };
		CAF723611E085F25004308DF /* ViewFullPhotoViewController.m in Sources */ = {isa = PBXBuildFile; fileRef = CAF723601E085F25004308DF /* ViewFullPhotoViewController.m */; };
		CAF723641E08698F004308DF /* InteractionManager.m in Sources */ = {isa = PBXBuildFile; fileRef = CAF723631E08698F004308DF /* InteractionManager.m */; };
		CAF723671E0871AA004308DF /* btn_back@2x.png in Resources */ = {isa = PBXBuildFile; fileRef = CAF723651E0871AA004308DF /* btn_back@2x.png */; };
		CAF723681E0871AA004308DF /* btn_back@3x.png in Resources */ = {isa = PBXBuildFile; fileRef = CAF723661E0871AA004308DF /* btn_back@3x.png */; };
/* End PBXBuildFile section */

/* Begin PBXFileReference section */
		CAF723051E0833F3004308DF /* mediaPicker.app */ = {isa = PBXFileReference; explicitFileType = wrapper.application; includeInIndex = 0; path = mediaPicker.app; sourceTree = BUILT_PRODUCTS_DIR; };
		CAF723091E0833F3004308DF /* main.m */ = {isa = PBXFileReference; lastKnownFileType = sourcecode.c.objc; path = main.m; sourceTree = "<group>"; };
		CAF7230B1E0833F3004308DF /* AppDelegate.h */ = {isa = PBXFileReference; lastKnownFileType = sourcecode.c.h; path = AppDelegate.h; sourceTree = "<group>"; };
		CAF7230C1E0833F3004308DF /* AppDelegate.m */ = {isa = PBXFileReference; lastKnownFileType = sourcecode.c.objc; path = AppDelegate.m; sourceTree = "<group>"; };
		CAF7230E1E0833F3004308DF /* ViewController.h */ = {isa = PBXFileReference; lastKnownFileType = sourcecode.c.h; path = ViewController.h; sourceTree = "<group>"; };
		CAF7230F1E0833F3004308DF /* ViewController.m */ = {isa = PBXFileReference; lastKnownFileType = sourcecode.c.objc; path = ViewController.m; sourceTree = "<group>"; };
		CAF723121E0833F3004308DF /* Base */ = {isa = PBXFileReference; lastKnownFileType = file.storyboard; name = Base; path = Base.lproj/Main.storyboard; sourceTree = "<group>"; };
		CAF723141E0833F3004308DF /* Assets.xcassets */ = {isa = PBXFileReference; lastKnownFileType = folder.assetcatalog; path = Assets.xcassets; sourceTree = "<group>"; };
		CAF723171E0833F3004308DF /* Base */ = {isa = PBXFileReference; lastKnownFileType = file.storyboard; name = Base; path = Base.lproj/LaunchScreen.storyboard; sourceTree = "<group>"; };
		CAF723191E0833F3004308DF /* Info.plist */ = {isa = PBXFileReference; lastKnownFileType = text.plist.xml; path = Info.plist; sourceTree = "<group>"; };
		CAF723211E083445004308DF /* MediaPickerMenuView.h */ = {isa = PBXFileReference; fileEncoding = 4; lastKnownFileType = sourcecode.c.h; path = MediaPickerMenuView.h; sourceTree = "<group>"; };
		CAF723221E083445004308DF /* MediaPickerMenuView.m */ = {isa = PBXFileReference; fileEncoding = 4; lastKnownFileType = sourcecode.c.objc; path = MediaPickerMenuView.m; sourceTree = "<group>"; };
		CAF723231E083445004308DF /* MediaPickerMenuView.xib */ = {isa = PBXFileReference; fileEncoding = 4; lastKnownFileType = file.xib; path = MediaPickerMenuView.xib; sourceTree = "<group>"; };
		CAF723241E083445004308DF /* MediaPicker.h */ = {isa = PBXFileReference; fileEncoding = 4; lastKnownFileType = sourcecode.c.h; path = MediaPicker.h; sourceTree = "<group>"; };
		CAF723251E083445004308DF /* MediaPicker.m */ = {isa = PBXFileReference; fileEncoding = 4; lastKnownFileType = sourcecode.c.objc; path = MediaPicker.m; sourceTree = "<group>"; };
		CAF7232B1E083482004308DF /* JGActionSheet.h */ = {isa = PBXFileReference; fileEncoding = 4; lastKnownFileType = sourcecode.c.h; path = JGActionSheet.h; sourceTree = "<group>"; };
		CAF7232C1E083482004308DF /* JGActionSheet.m */ = {isa = PBXFileReference; fileEncoding = 4; lastKnownFileType = sourcecode.c.objc; path = JGActionSheet.m; sourceTree = "<group>"; };
		CAF7232F1E0834A2004308DF /* mediaPicker-Prefix.pch */ = {isa = PBXFileReference; fileEncoding = 4; lastKnownFileType = sourcecode.c.h; path = "mediaPicker-Prefix.pch"; sourceTree = "<group>"; };
		CAF723321E08384B004308DF /* NSError+GT.h */ = {isa = PBXFileReference; fileEncoding = 4; lastKnownFileType = sourcecode.c.h; path = "NSError+GT.h"; sourceTree = "<group>"; };
		CAF723331E08384B004308DF /* NSError+GT.m */ = {isa = PBXFileReference; fileEncoding = 4; lastKnownFileType = sourcecode.c.objc; path = "NSError+GT.m"; sourceTree = "<group>"; };
		CAF723351E083858004308DF /* BlockTypeDefinition.h */ = {isa = PBXFileReference; fileEncoding = 4; lastKnownFileType = sourcecode.c.h; path = BlockTypeDefinition.h; sourceTree = "<group>"; };
		CAF723401E083F0B004308DF /* BombDodge Logo.png */ = {isa = PBXFileReference; lastKnownFileType = image.png; path = "BombDodge Logo.png"; sourceTree = "<group>"; };
		CAF723431E083F63004308DF /* PSCustomViewFromXib.h */ = {isa = PBXFileReference; fileEncoding = 4; lastKnownFileType = sourcecode.c.h; path = PSCustomViewFromXib.h; sourceTree = "<group>"; };
		CAF723441E083F63004308DF /* PSCustomViewFromXib.m */ = {isa = PBXFileReference; fileEncoding = 4; lastKnownFileType = sourcecode.c.objc; path = PSCustomViewFromXib.m; sourceTree = "<group>"; };
		CAF723471E08423E004308DF /* ic_image@2x.png */ = {isa = PBXFileReference; lastKnownFileType = image.png; path = "ic_image@2x.png"; sourceTree = "<group>"; };
		CAF723481E08423E004308DF /* ic_image@3x.png */ = {isa = PBXFileReference; lastKnownFileType = image.png; path = "ic_image@3x.png"; sourceTree = "<group>"; };
		CAF7234B1E0845CA004308DF /* MediaPickerView.h */ = {isa = PBXFileReference; fileEncoding = 4; lastKnownFileType = sourcecode.c.h; path = MediaPickerView.h; sourceTree = "<group>"; };
		CAF7234C1E0845CA004308DF /* MediaPickerView.m */ = {isa = PBXFileReference; fileEncoding = 4; lastKnownFileType = sourcecode.c.objc; path = MediaPickerView.m; sourceTree = "<group>"; };
		CAF7234D1E0845CA004308DF /* MediaPickerView.xib */ = {isa = PBXFileReference; fileEncoding = 4; lastKnownFileType = file.xib; path = MediaPickerView.xib; sourceTree = "<group>"; };
		CAF723501E084AA4004308DF /* Navigator.h */ = {isa = PBXFileReference; fileEncoding = 4; lastKnownFileType = sourcecode.c.h; path = Navigator.h; sourceTree = "<group>"; };
		CAF723511E084AA4004308DF /* Navigator.m */ = {isa = PBXFileReference; fileEncoding = 4; lastKnownFileType = sourcecode.c.objc; path = Navigator.m; sourceTree = "<group>"; };
		CAF723541E0854A4004308DF /* img_delete@2x.png */ = {isa = PBXFileReference; lastKnownFileType = image.png; path = "img_delete@2x.png"; sourceTree = "<group>"; };
		CAF723551E0854A4004308DF /* img_delete@3x.png */ = {isa = PBXFileReference; lastKnownFileType = image.png; path = "img_delete@3x.png"; sourceTree = "<group>"; };
		CAF7235A1E085EB2004308DF /* ic_more_white@2x.png */ = {isa = PBXFileReference; lastKnownFileType = image.png; path = "ic_more_white@2x.png"; sourceTree = "<group>"; };
		CAF7235B1E085EB2004308DF /* ic_more_white@3x.png */ = {isa = PBXFileReference; lastKnownFileType = image.png; path = "ic_more_white@3x.png"; sourceTree = "<group>"; };
		CAF7235F1E085F25004308DF /* ViewFullPhotoViewController.h */ = {isa = PBXFileReference; fileEncoding = 4; lastKnownFileType = sourcecode.c.h; path = ViewFullPhotoViewController.h; sourceTree = "<group>"; };
		CAF723601E085F25004308DF /* ViewFullPhotoViewController.m */ = {isa = PBXFileReference; fileEncoding = 4; lastKnownFileType = sourcecode.c.objc; path = ViewFullPhotoViewController.m; sourceTree = "<group>"; };
		CAF723621E08698F004308DF /* InteractionManager.h */ = {isa = PBXFileReference; fileEncoding = 4; lastKnownFileType = sourcecode.c.h; path = InteractionManager.h; sourceTree = "<group>"; };
		CAF723631E08698F004308DF /* InteractionManager.m */ = {isa = PBXFileReference; fileEncoding = 4; lastKnownFileType = sourcecode.c.objc; path = InteractionManager.m; sourceTree = "<group>"; };
		CAF723651E0871AA004308DF /* btn_back@2x.png */ = {isa = PBXFileReference; lastKnownFileType = image.png; path = "btn_back@2x.png"; sourceTree = "<group>"; };
		CAF723661E0871AA004308DF /* btn_back@3x.png */ = {isa = PBXFileReference; lastKnownFileType = image.png; path = "btn_back@3x.png"; sourceTree = "<group>"; };
/* End PBXFileReference section */

/* Begin PBXFrameworksBuildPhase section */
		CAF723021E0833F3004308DF /* Frameworks */ = {
			isa = PBXFrameworksBuildPhase;
			buildActionMask = 2147483647;
			files = (
			);
			runOnlyForDeploymentPostprocessing = 0;
		};
/* End PBXFrameworksBuildPhase section */

/* Begin PBXGroup section */
		CAF722FC1E0833F3004308DF = {
			isa = PBXGroup;
			children = (
				CAF723071E0833F3004308DF /* mediaPicker */,
				CAF723061E0833F3004308DF /* Products */,
			);
			sourceTree = "<group>";
		};
		CAF723061E0833F3004308DF /* Products */ = {
			isa = PBXGroup;
			children = (
				CAF723051E0833F3004308DF /* mediaPicker.app */,
			);
			name = Products;
			sourceTree = "<group>";
		};
		CAF723071E0833F3004308DF /* mediaPicker */ = {
			isa = PBXGroup;
			children = (
				CAF723291E08346D004308DF /* library */,
				CAF7231F1E08341C004308DF /* foundation */,
				CAF7230B1E0833F3004308DF /* AppDelegate.h */,
				CAF7230C1E0833F3004308DF /* AppDelegate.m */,
				CAF7230E1E0833F3004308DF /* ViewController.h */,
				CAF7230F1E0833F3004308DF /* ViewController.m */,
				CAF723111E0833F3004308DF /* Main.storyboard */,
				CAF723141E0833F3004308DF /* Assets.xcassets */,
				CAF723161E0833F3004308DF /* LaunchScreen.storyboard */,
				CAF723191E0833F3004308DF /* Info.plist */,
				CAF723081E0833F3004308DF /* Supporting Files */,
			);
			path = mediaPicker;
			sourceTree = "<group>";
		};
		CAF723081E0833F3004308DF /* Supporting Files */ = {
			isa = PBXGroup;
			children = (
				CAF7232F1E0834A2004308DF /* mediaPicker-Prefix.pch */,
				CAF723091E0833F3004308DF /* main.m */,
			);
			name = "Supporting Files";
			sourceTree = "<group>";
		};
		CAF7231F1E08341C004308DF /* foundation */ = {
			isa = PBXGroup;
			children = (
				CAF723621E08698F004308DF /* InteractionManager.h */,
				CAF723631E08698F004308DF /* InteractionManager.m */,
				CAF723501E084AA4004308DF /* Navigator.h */,
				CAF723511E084AA4004308DF /* Navigator.m */,
				CAF723351E083858004308DF /* BlockTypeDefinition.h */,
				CAF723321E08384B004308DF /* NSError+GT.h */,
				CAF723331E08384B004308DF /* NSError+GT.m */,
				CAF723201E083431004308DF /* mediaPicker */,
			);
			name = foundation;
			sourceTree = "<group>";
		};
		CAF723201E083431004308DF /* mediaPicker */ = {
			isa = PBXGroup;
			children = (
				CAF7235E1E085F17004308DF /* View Photo */,
				CAF7235A1E085EB2004308DF /* ic_more_white@2x.png */,
				CAF7235B1E085EB2004308DF /* ic_more_white@3x.png */,
				CAF723541E0854A4004308DF /* img_delete@2x.png */,
				CAF723551E0854A4004308DF /* img_delete@3x.png */,
				CAF7234B1E0845CA004308DF /* MediaPickerView.h */,
				CAF7234C1E0845CA004308DF /* MediaPickerView.m */,
				CAF7234D1E0845CA004308DF /* MediaPickerView.xib */,
				CAF723471E08423E004308DF /* ic_image@2x.png */,
				CAF723481E08423E004308DF /* ic_image@3x.png */,
				CAF723401E083F0B004308DF /* BombDodge Logo.png */,
				CAF723211E083445004308DF /* MediaPickerMenuView.h */,
				CAF723221E083445004308DF /* MediaPickerMenuView.m */,
				CAF723231E083445004308DF /* MediaPickerMenuView.xib */,
				CAF723241E083445004308DF /* MediaPicker.h */,
				CAF723251E083445004308DF /* MediaPicker.m */,
			);
			name = mediaPicker;
			sourceTree = "<group>";
		};
		CAF723291E08346D004308DF /* library */ = {
			isa = PBXGroup;
			children = (
				CAF723421E083F5A004308DF /* Reuse this Code File for Xib Loading */,
				CAF7232A1E083478004308DF /* JGActionSheet */,
			);
			name = library;
			sourceTree = "<group>";
		};
		CAF7232A1E083478004308DF /* JGActionSheet */ = {
			isa = PBXGroup;
			children = (
				CAF7232B1E083482004308DF /* JGActionSheet.h */,
				CAF7232C1E083482004308DF /* JGActionSheet.m */,
			);
			name = JGActionSheet;
			sourceTree = "<group>";
		};
		CAF723421E083F5A004308DF /* Reuse this Code File for Xib Loading */ = {
			isa = PBXGroup;
			children = (
				CAF723431E083F63004308DF /* PSCustomViewFromXib.h */,
				CAF723441E083F63004308DF /* PSCustomViewFromXib.m */,
			);
			name = "Reuse this Code File for Xib Loading";
			sourceTree = "<group>";
		};
		CAF7235E1E085F17004308DF /* View Photo */ = {
			isa = PBXGroup;
			children = (
				CAF723651E0871AA004308DF /* btn_back@2x.png */,
				CAF723661E0871AA004308DF /* btn_back@3x.png */,
				CAF7235F1E085F25004308DF /* ViewFullPhotoViewController.h */,
				CAF723601E085F25004308DF /* ViewFullPhotoViewController.m */,
			);
			name = "View Photo";
			sourceTree = "<group>";
		};
/* End PBXGroup section */

/* Begin PBXNativeTarget section */
		CAF723041E0833F3004308DF /* mediaPicker */ = {
			isa = PBXNativeTarget;
			buildConfigurationList = CAF7231C1E0833F3004308DF /* Build configuration list for PBXNativeTarget "mediaPicker" */;
			buildPhases = (
				CAF723011E0833F3004308DF /* Sources */,
				CAF723021E0833F3004308DF /* Frameworks */,
				CAF723031E0833F3004308DF /* Resources */,
			);
			buildRules = (
			);
			dependencies = (
			);
			name = mediaPicker;
			productName = mediaPicker;
			productReference = CAF723051E0833F3004308DF /* mediaPicker.app */;
			productType = "com.apple.product-type.application";
		};
/* End PBXNativeTarget section */

/* Begin PBXProject section */
		CAF722FD1E0833F3004308DF /* Project object */ = {
			isa = PBXProject;
			attributes = {
				LastUpgradeCheck = 0810;
				ORGANIZATIONNAME = com.giatec;
				TargetAttributes = {
					CAF723041E0833F3004308DF = {
						CreatedOnToolsVersion = 8.1;
						DevelopmentTeam = L3X8JL78NW;
						ProvisioningStyle = Automatic;
					};
				};
			};
			buildConfigurationList = CAF723001E0833F3004308DF /* Build configuration list for PBXProject "mediaPicker" */;
			compatibilityVersion = "Xcode 3.2";
			developmentRegion = English;
			hasScannedForEncodings = 0;
			knownRegions = (
				en,
				Base,
			);
			mainGroup = CAF722FC1E0833F3004308DF;
			productRefGroup = CAF723061E0833F3004308DF /* Products */;
			projectDirPath = "";
			projectRoot = "";
			targets = (
				CAF723041E0833F3004308DF /* mediaPicker */,
			);
		};
/* End PBXProject section */

/* Begin PBXResourcesBuildPhase section */
		CAF723031E0833F3004308DF /* Resources */ = {
			isa = PBXResourcesBuildPhase;
			buildActionMask = 2147483647;
			files = (
				CAF7235D1E085EB2004308DF /* ic_more_white@3x.png in Resources */,
				CAF723181E0833F3004308DF /* LaunchScreen.storyboard in Resources */,
				CAF723411E083F0B004308DF /* BombDodge Logo.png in Resources */,
				CAF723151E0833F3004308DF /* Assets.xcassets in Resources */,
				CAF7234A1E08423E004308DF /* ic_image@3x.png in Resources */,
				CAF723671E0871AA004308DF /* btn_back@2x.png in Resources */,
				CAF723571E0854A4004308DF /* img_delete@3x.png in Resources */,
				CAF7235C1E085EB2004308DF /* ic_more_white@2x.png in Resources */,
				CAF7234F1E0845CA004308DF /* MediaPickerView.xib in Resources */,
				CAF723561E0854A4004308DF /* img_delete@2x.png in Resources */,
				CAF723491E08423E004308DF /* ic_image@2x.png in Resources */,
				CAF723681E0871AA004308DF /* btn_back@3x.png in Resources */,
				CAF723271E083445004308DF /* MediaPickerMenuView.xib in Resources */,
				CAF723131E0833F3004308DF /* Main.storyboard in Resources */,
			);
			runOnlyForDeploymentPostprocessing = 0;
		};
/* End PBXResourcesBuildPhase section */

/* Begin PBXSourcesBuildPhase section */
		CAF723011E0833F3004308DF /* Sources */ = {
			isa = PBXSourcesBuildPhase;
			buildActionMask = 2147483647;
			files = (
				CAF7232D1E083482004308DF /* JGActionSheet.m in Sources */,
				CAF7234E1E0845CA004308DF /* MediaPickerView.m in Sources */,
				CAF723341E08384B004308DF /* NSError+GT.m in Sources */,
				CAF723521E084AA4004308DF /* Navigator.m in Sources */,
				CAF723101E0833F3004308DF /* ViewController.m in Sources */,
				CAF723451E083F63004308DF /* PSCustomViewFromXib.m in Sources */,
				CAF723641E08698F004308DF /* InteractionManager.m in Sources */,
				CAF723611E085F25004308DF /* ViewFullPhotoViewController.m in Sources */,
				CAF7230D1E0833F3004308DF /* AppDelegate.m in Sources */,
				CAF723261E083445004308DF /* MediaPickerMenuView.m in Sources */,
				CAF7230A1E0833F3004308DF /* main.m in Sources */,
				CAF723281E083445004308DF /* MediaPicker.m in Sources */,
			);
			runOnlyForDeploymentPostprocessing = 0;
		};
/* End PBXSourcesBuildPhase section */

/* Begin PBXVariantGroup section */
		CAF723111E0833F3004308DF /* Main.storyboard */ = {
			isa = PBXVariantGroup;
			children = (
				CAF723121E0833F3004308DF /* Base */,
			);
			name = Main.storyboard;
			sourceTree = "<group>";
		};
		CAF723161E0833F3004308DF /* LaunchScreen.storyboard */ = {
			isa = PBXVariantGroup;
			children = (
				CAF723171E0833F3004308DF /* Base */,
			);
			name = LaunchScreen.storyboard;
			sourceTree = "<group>";
		};
/* End PBXVariantGroup section */

/* Begin XCBuildConfiguration section */
		CAF7231A1E0833F3004308DF /* Debug */ = {
			isa = XCBuildConfiguration;
			buildSettings = {
				ALWAYS_SEARCH_USER_PATHS = NO;
				CLANG_ANALYZER_NONNULL = YES;
				CLANG_CXX_LANGUAGE_STANDARD = "gnu++0x";
				CLANG_CXX_LIBRARY = "libc++";
				CLANG_ENABLE_MODULES = YES;
				CLANG_ENABLE_OBJC_ARC = YES;
				CLANG_WARN_BOOL_CONVERSION = YES;
				CLANG_WARN_CONSTANT_CONVERSION = YES;
				CLANG_WARN_DIRECT_OBJC_ISA_USAGE = YES_ERROR;
				CLANG_WARN_DOCUMENTATION_COMMENTS = YES;
				CLANG_WARN_EMPTY_BODY = YES;
				CLANG_WARN_ENUM_CONVERSION = YES;
				CLANG_WARN_INFINITE_RECURSION = YES;
				CLANG_WARN_INT_CONVERSION = YES;
				CLANG_WARN_OBJC_ROOT_CLASS = YES_ERROR;
				CLANG_WARN_SUSPICIOUS_MOVES = YES;
				CLANG_WARN_UNREACHABLE_CODE = YES;
				CLANG_WARN__DUPLICATE_METHOD_MATCH = YES;
				"CODE_SIGN_IDENTITY[sdk=iphoneos*]" = "iPhone Developer";
				COPY_PHASE_STRIP = NO;
				DEBUG_INFORMATION_FORMAT = dwarf;
				ENABLE_STRICT_OBJC_MSGSEND = YES;
				ENABLE_TESTABILITY = YES;
				GCC_C_LANGUAGE_STANDARD = gnu99;
				GCC_DYNAMIC_NO_PIC = NO;
				GCC_NO_COMMON_BLOCKS = YES;
				GCC_OPTIMIZATION_LEVEL = 0;
				GCC_PREPROCESSOR_DEFINITIONS = (
					"DEBUG=1",
					"$(inherited)",
				);
				GCC_WARN_64_TO_32_BIT_CONVERSION = YES;
				GCC_WARN_ABOUT_RETURN_TYPE = YES_ERROR;
				GCC_WARN_UNDECLARED_SELECTOR = YES;
				GCC_WARN_UNINITIALIZED_AUTOS = YES_AGGRESSIVE;
				GCC_WARN_UNUSED_FUNCTION = YES;
				GCC_WARN_UNUSED_VARIABLE = YES;
				IPHONEOS_DEPLOYMENT_TARGET = 10.1;
				MTL_ENABLE_DEBUG_INFO = YES;
				ONLY_ACTIVE_ARCH = YES;
				SDKROOT = iphoneos;
			};
			name = Debug;
		};
		CAF7231B1E0833F3004308DF /* Release */ = {
			isa = XCBuildConfiguration;
			buildSettings = {
				ALWAYS_SEARCH_USER_PATHS = NO;
				CLANG_ANALYZER_NONNULL = YES;
				CLANG_CXX_LANGUAGE_STANDARD = "gnu++0x";
				CLANG_CXX_LIBRARY = "libc++";
				CLANG_ENABLE_MODULES = YES;
				CLANG_ENABLE_OBJC_ARC = YES;
				CLANG_WARN_BOOL_CONVERSION = YES;
				CLANG_WARN_CONSTANT_CONVERSION = YES;
				CLANG_WARN_DIRECT_OBJC_ISA_USAGE = YES_ERROR;
				CLANG_WARN_DOCUMENTATION_COMMENTS = YES;
				CLANG_WARN_EMPTY_BODY = YES;
				CLANG_WARN_ENUM_CONVERSION = YES;
				CLANG_WARN_INFINITE_RECURSION = YES;
				CLANG_WARN_INT_CONVERSION = YES;
				CLANG_WARN_OBJC_ROOT_CLASS = YES_ERROR;
				CLANG_WARN_SUSPICIOUS_MOVES = YES;
				CLANG_WARN_UNREACHABLE_CODE = YES;
				CLANG_WARN__DUPLICATE_METHOD_MATCH = YES;
				"CODE_SIGN_IDENTITY[sdk=iphoneos*]" = "iPhone Developer";
				COPY_PHASE_STRIP = NO;
				DEBUG_INFORMATION_FORMAT = "dwarf-with-dsym";
				ENABLE_NS_ASSERTIONS = NO;
				ENABLE_STRICT_OBJC_MSGSEND = YES;
				GCC_C_LANGUAGE_STANDARD = gnu99;
				GCC_NO_COMMON_BLOCKS = YES;
				GCC_WARN_64_TO_32_BIT_CONVERSION = YES;
				GCC_WARN_ABOUT_RETURN_TYPE = YES_ERROR;
				GCC_WARN_UNDECLARED_SELECTOR = YES;
				GCC_WARN_UNINITIALIZED_AUTOS = YES_AGGRESSIVE;
				GCC_WARN_UNUSED_FUNCTION = YES;
				GCC_WARN_UNUSED_VARIABLE = YES;
				IPHONEOS_DEPLOYMENT_TARGET = 10.1;
				MTL_ENABLE_DEBUG_INFO = NO;
				SDKROOT = iphoneos;
				VALIDATE_PRODUCT = YES;
			};
			name = Release;
		};
		CAF7231D1E0833F3004308DF /* Debug */ = {
			isa = XCBuildConfiguration;
			buildSettings = {
				ASSETCATALOG_COMPILER_APPICON_NAME = AppIcon;
				DEVELOPMENT_TEAM = L3X8JL78NW;
				GCC_PREFIX_HEADER = "mediaPicker/mediaPicker-Prefix.pch";
				INFOPLIST_FILE = mediaPicker/Info.plist;
				LD_RUNPATH_SEARCH_PATHS = "$(inherited) @executable_path/Frameworks";
				PRODUCT_BUNDLE_IDENTIFIER = com.giatec.mediaPicker;
				PRODUCT_NAME = "$(TARGET_NAME)";
			};
			name = Debug;
		};
		CAF7231E1E0833F3004308DF /* Release */ = {
			isa = XCBuildConfiguration;
			buildSettings = {
				ASSETCATALOG_COMPILER_APPICON_NAME = AppIcon;
				DEVELOPMENT_TEAM = L3X8JL78NW;
				GCC_PREFIX_HEADER = "mediaPicker/mediaPicker-Prefix.pch";
				INFOPLIST_FILE = mediaPicker/Info.plist;
				LD_RUNPATH_SEARCH_PATHS = "$(inherited) @executable_path/Frameworks";
				PRODUCT_BUNDLE_IDENTIFIER = com.giatec.mediaPicker;
				PRODUCT_NAME = "$(TARGET_NAME)";
			};
			name = Release;
		};
/* End XCBuildConfiguration section */

/* Begin XCConfigurationList section */
		CAF723001E0833F3004308DF /* Build configuration list for PBXProject "mediaPicker" */ = {
			isa = XCConfigurationList;
			buildConfigurations = (
				CAF7231A1E0833F3004308DF /* Debug */,
				CAF7231B1E0833F3004308DF /* Release */,
			);
			defaultConfigurationIsVisible = 0;
			defaultConfigurationName = Release;
		};
		CAF7231C1E0833F3004308DF /* Build configuration list for PBXNativeTarget "mediaPicker" */ = {
			isa = XCConfigurationList;
			buildConfigurations = (
				CAF7231D1E0833F3004308DF /* Debug */,
				CAF7231E1E0833F3004308DF /* Release */,
			);
			defaultConfigurationIsVisible = 0;
			defaultConfigurationName = Release;
		};
/* End XCConfigurationList section */
	};
	rootObject = CAF722FD1E0833F3004308DF /* Project object */;
}
